
Microsoft Visual Studio Solution File, Format Version 12.00
# Visual Studio 15
VisualStudioVersion = 15.0.28307.489
MinimumVisualStudioVersion = 10.0.40219.1
Project("{FAE04EC0-301F-11D3-BF4B-00C04F79EFBC}") = "UITableViewSample.iOS", "UITableViewSample\UITableViewSample.iOS\UITableViewSample.iOS.csproj", "{56CBF790-F56A-4CEA-B58F-E5AD61B422B0}"
EndProject
Project("{FAE04EC0-301F-11D3-BF4B-00C04F79EFBC}") = "UITableViewSample", "UITableViewSample\UITableViewSample\UITableViewSample.csproj", "{3C72AAC8-B941-4490-91A5-783D42A52307}"
EndProject
Global
	GlobalSection(SolutionConfigurationPlatforms) = preSolution
		Debug|Any CPU = Debug|Any CPU
		Debug|ARM = Debug|ARM
		Debug|iPhone = Debug|iPhone
		Debug|iPhoneSimulator = Debug|iPhoneSimulator
		Debug|x86 = Debug|x86
		Release|Any CPU = Release|Any CPU
		Release|ARM = Release|ARM
		Release|iPhone = Release|iPhone
		Release|iPhoneSimulator = Release|iPhoneSimulator
		Release|x86 = Release|x86
	EndGlobalSection
	GlobalSection(ProjectConfigurationPlatforms) = postSolution
		{56CBF790-F56A-4CEA-B58F-E5AD61B422B0}.Debug|Any CPU.ActiveCfg = Debug|iPhone
		{56CBF790-F56A-4CEA-B58F-E5AD61B422B0}.Debug|ARM.ActiveCfg = Debug|iPhone
		{56CBF790-F56A-4CEA-B58F-E5AD61B422B0}.Debug|iPhone.ActiveCfg = Debug|iPhone
		{56CBF790-F56A-4CEA-B58F-E5AD61B422B0}.Debug|iPhone.Build.0 = Debug|iPhone
		{56CBF790-F56A-4CEA-B58F-E5AD61B422B0}.Debug|iPhoneSimulator.ActiveCfg = Debug|iPhoneSimulator
		{56CBF790-F56A-4CEA-B58F-E5AD61B422B0}.Debug|iPhoneSimulator.Build.0 = Debug|iPhoneSimulator
		{56CBF790-F56A-4CEA-B58F-E5AD61B422B0}.Debug|x86.ActiveCfg = Debug|iPhone
		{56CBF790-F56A-4CEA-B58F-E5AD61B422B0}.Release|Any CPU.ActiveCfg = Release|iPhone
		{56CBF790-F56A-4CEA-B58F-E5AD61B422B0}.Release|ARM.ActiveCfg = Release|iPhone
		{56CBF790-F56A-4CEA-B58F-E5AD61B422B0}.Release|iPhone.ActiveCfg = Release|iPhone
		{56CBF790-F56A-4CEA-B58F-E5AD61B422B0}.Release|iPhone.Build.0 = Release|iPhone
		{56CBF790-F56A-4CEA-B58F-E5AD61B422B0}.Release|iPhoneSimulator.ActiveCfg = Release|iPhoneSimulator
		{56CBF790-F56A-4CEA-B58F-E5AD61B422B0}.Release|iPhoneSimulator.Build.0 = Release|iPhoneSimulator
		{56CBF790-F56A-4CEA-B58F-E5AD61B422B0}.Release|x86.ActiveCfg = Release|iPhone
		{3C72AAC8-B941-4490-91A5-783D42A52307}.Debug|Any CPU.ActiveCfg = Debug|Any CPU
		{3C72AAC8-B941-4490-91A5-783D42A52307}.Debug|Any CPU.Build.0 = Debug|Any CPU
		{3C72AAC8-B941-4490-91A5-783D42A52307}.Debug|ARM.ActiveCfg = Debug|Any CPU
		{3C72AAC8-B941-4490-91A5-783D42A52307}.Debug|ARM.Build.0 = Debug|Any CPU
		{3C72AAC8-B941-4490-91A5-783D42A52307}.Debug|iPhone.ActiveCfg = Debug|Any CPU
		{3C72AAC8-B941-4490-91A5-783D42A52307}.Debug|iPhone.Build.0 = Debug|Any CPU
		{3C72AAC8-B941-4490-91A5-783D42A52307}.Debug|iPhoneSimulator.ActiveCfg = Debug|Any CPU
		{3C72AAC8-B941-4490-91A5-783D42A52307}.Debug|iPhoneSimulator.Build.0 = Debug|Any CPU
		{3C72AAC8-B941-4490-91A5-783D42A52307}.Debug|x86.ActiveCfg = Debug|Any CPU
		{3C72AAC8-B941-4490-91A5-783D42A52307}.Debug|x86.Build.0 = Debug|Any CPU
		{3C72AAC8-B941-4490-91A5-783D42A52307}.Release|Any CPU.ActiveCfg = Release|Any CPU
		{3C72AAC8-B941-4490-91A5-783D42A52307}.Release|Any CPU.Build.0 = Release|Any CPU
		{3C72AAC8-B941-4490-91A5-783D42A52307}.Release|ARM.ActiveCfg = Release|Any CPU
		{3C72AAC8-B941-4490-91A5-783D42A52307}.Release|ARM.Build.0 = Release|Any CPU
		{3C72AAC8-B941-4490-91A5-783D42A52307}.Release|iPhone.ActiveCfg = Release|Any CPU
		{3C72AAC8-B941-4490-91A5-783D42A52307}.Release|iPhone.Build.0 = Release|Any CPU
		{3C72AAC8-B941-4490-91A5-783D42A52307}.Release|iPhoneSimulator.ActiveCfg = Release|Any CPU
		{3C72AAC8-B941-4490-91A5-783D42A52307}.Release|iPhoneSimulator.Build.0 = Release|Any CPU
		{3C72AAC8-B941-4490-91A5-783D42A52307}.Release|x86.ActiveCfg = Release|Any CPU
		{3C72AAC8-B941-4490-91A5-783D42A52307}.Release|x86.Build.0 = Release|Any CPU
	EndGlobalSection
	GlobalSection(SolutionProperties) = preSolution
		HideSolutionNode = FALSE
	EndGlobalSection
	GlobalSection(ExtensibilityGlobals) = postSolution
		SolutionGuid = {94D05F9B-35E6-4E16-B078-290AF658A253}
	EndGlobalSection
EndGlobal
