
Microsoft Visual Studio Solution File, Format Version 12.00
# Visual Studio 15
Project("{FAE04EC0-301F-11D3-BF4B-00C04F79EFBC}") = "UITableViewCoded", "UITableViewCoded\UITableViewCoded.csproj", "{16117A73-79FA-466A-8EAC-1C03DF1608FA}"
EndProject
Global
	GlobalSection(SolutionConfigurationPlatforms) = preSolution
		Debug|iPhoneSimulator = Debug|iPhoneSimulator
		Release|iPhoneSimulator = Release|iPhoneSimulator
		Debug|iPhone = Debug|iPhone
		Release|iPhone = Release|iPhone
	EndGlobalSection
	GlobalSection(ProjectConfigurationPlatforms) = postSolution
		{16117A73-79FA-466A-8EAC-1C03DF1608FA}.Debug|iPhoneSimulator.ActiveCfg = Debug|iPhoneSimulator
		{16117A73-79FA-466A-8EAC-1C03DF1608FA}.Debug|iPhoneSimulator.Build.0 = Debug|iPhoneSimulator
		{16117A73-79FA-466A-8EAC-1C03DF1608FA}.Release|iPhoneSimulator.ActiveCfg = Release|iPhoneSimulator
		{16117A73-79FA-466A-8EAC-1C03DF1608FA}.Release|iPhoneSimulator.Build.0 = Release|iPhoneSimulator
		{16117A73-79FA-466A-8EAC-1C03DF1608FA}.Debug|iPhone.ActiveCfg = Debug|iPhone
		{16117A73-79FA-466A-8EAC-1C03DF1608FA}.Debug|iPhone.Build.0 = Debug|iPhone
		{16117A73-79FA-466A-8EAC-1C03DF1608FA}.Release|iPhone.ActiveCfg = Release|iPhone
		{16117A73-79FA-466A-8EAC-1C03DF1608FA}.Release|iPhone.Build.0 = Release|iPhone
	EndGlobalSection
EndGlobal
