
Microsoft Visual Studio Solution File, Format Version 12.00
# Visual Studio 15
VisualStudioVersion = 15.0.28307.489
MinimumVisualStudioVersion = 10.0.40219.1
Project("{FAE04EC0-301F-11D3-BF4B-00C04F79EFBC}") = "UITableViewSample.iOS", "UITableViewSample\UITableViewSample.iOS\UITableViewSample.iOS.csproj", "{56CBF790-F56A-4CEA-B58F-E5AD61B422B0}"
EndProject
Project("{9A19103F-16F7-4668-BE54-9A1E7A4F7556}") = "UITableViewSample", "UITableViewSample\UITableViewSample\UITableViewSample.csproj", "{F602DF89-7B62-4A86-B1E3-DB861BFF76BF}"
EndProject
Global
	GlobalSection(SolutionConfigurationPlatforms) = preSolution
		Debug|Any CPU = Debug|Any CPU
		Debug|ARM = Debug|ARM
		Debug|iPhone = Debug|iPhone
		Debug|iPhoneSimulator = Debug|iPhoneSimulator
		Debug|x86 = Debug|x86
		Release|Any CPU = Release|Any CPU
		Release|ARM = Release|ARM
		Release|iPhone = Release|iPhone
		Release|iPhoneSimulator = Release|iPhoneSimulator
		Release|x86 = Release|x86
	EndGlobalSection
	GlobalSection(ProjectConfigurationPlatforms) = postSolution
		{56CBF790-F56A-4CEA-B58F-E5AD61B422B0}.Debug|Any CPU.ActiveCfg = Debug|iPhone
		{56CBF790-F56A-4CEA-B58F-E5AD61B422B0}.Debug|ARM.ActiveCfg = Debug|iPhone
		{56CBF790-F56A-4CEA-B58F-E5AD61B422B0}.Debug|iPhone.ActiveCfg = Debug|iPhone
		{56CBF790-F56A-4CEA-B58F-E5AD61B422B0}.Debug|iPhone.Build.0 = Debug|iPhone
		{56CBF790-F56A-4CEA-B58F-E5AD61B422B0}.Debug|iPhoneSimulator.ActiveCfg = Debug|iPhoneSimulator
		{56CBF790-F56A-4CEA-B58F-E5AD61B422B0}.Debug|iPhoneSimulator.Build.0 = Debug|iPhoneSimulator
		{56CBF790-F56A-4CEA-B58F-E5AD61B422B0}.Debug|x86.ActiveCfg = Debug|iPhone
		{56CBF790-F56A-4CEA-B58F-E5AD61B422B0}.Release|Any CPU.ActiveCfg = Release|iPhone
		{56CBF790-F56A-4CEA-B58F-E5AD61B422B0}.Release|ARM.ActiveCfg = Release|iPhone
		{56CBF790-F56A-4CEA-B58F-E5AD61B422B0}.Release|iPhone.ActiveCfg = Release|iPhone
		{56CBF790-F56A-4CEA-B58F-E5AD61B422B0}.Release|iPhone.Build.0 = Release|iPhone
		{56CBF790-F56A-4CEA-B58F-E5AD61B422B0}.Release|iPhoneSimulator.ActiveCfg = Release|iPhoneSimulator
		{56CBF790-F56A-4CEA-B58F-E5AD61B422B0}.Release|iPhoneSimulator.Build.0 = Release|iPhoneSimulator
		{56CBF790-F56A-4CEA-B58F-E5AD61B422B0}.Release|x86.ActiveCfg = Release|iPhone
		{F602DF89-7B62-4A86-B1E3-DB861BFF76BF}.Debug|Any CPU.ActiveCfg = Debug|Any CPU
		{F602DF89-7B62-4A86-B1E3-DB861BFF76BF}.Debug|Any CPU.Build.0 = Debug|Any CPU
		{F602DF89-7B62-4A86-B1E3-DB861BFF76BF}.Debug|ARM.ActiveCfg = Debug|Any CPU
		{F602DF89-7B62-4A86-B1E3-DB861BFF76BF}.Debug|ARM.Build.0 = Debug|Any CPU
		{F602DF89-7B62-4A86-B1E3-DB861BFF76BF}.Debug|iPhone.ActiveCfg = Debug|Any CPU
		{F602DF89-7B62-4A86-B1E3-DB861BFF76BF}.Debug|iPhone.Build.0 = Debug|Any CPU
		{F602DF89-7B62-4A86-B1E3-DB861BFF76BF}.Debug|iPhoneSimulator.ActiveCfg = Debug|Any CPU
		{F602DF89-7B62-4A86-B1E3-DB861BFF76BF}.Debug|iPhoneSimulator.Build.0 = Debug|Any CPU
		{F602DF89-7B62-4A86-B1E3-DB861BFF76BF}.Debug|x86.ActiveCfg = Debug|Any CPU
		{F602DF89-7B62-4A86-B1E3-DB861BFF76BF}.Debug|x86.Build.0 = Debug|Any CPU
		{F602DF89-7B62-4A86-B1E3-DB861BFF76BF}.Release|Any CPU.ActiveCfg = Release|Any CPU
		{F602DF89-7B62-4A86-B1E3-DB861BFF76BF}.Release|Any CPU.Build.0 = Release|Any CPU
		{F602DF89-7B62-4A86-B1E3-DB861BFF76BF}.Release|ARM.ActiveCfg = Release|Any CPU
		{F602DF89-7B62-4A86-B1E3-DB861BFF76BF}.Release|ARM.Build.0 = Release|Any CPU
		{F602DF89-7B62-4A86-B1E3-DB861BFF76BF}.Release|iPhone.ActiveCfg = Release|Any CPU
		{F602DF89-7B62-4A86-B1E3-DB861BFF76BF}.Release|iPhone.Build.0 = Release|Any CPU
		{F602DF89-7B62-4A86-B1E3-DB861BFF76BF}.Release|iPhoneSimulator.ActiveCfg = Release|Any CPU
		{F602DF89-7B62-4A86-B1E3-DB861BFF76BF}.Release|iPhoneSimulator.Build.0 = Release|Any CPU
		{F602DF89-7B62-4A86-B1E3-DB861BFF76BF}.Release|x86.ActiveCfg = Release|Any CPU
		{F602DF89-7B62-4A86-B1E3-DB861BFF76BF}.Release|x86.Build.0 = Release|Any CPU
	EndGlobalSection
	GlobalSection(SolutionProperties) = preSolution
		HideSolutionNode = FALSE
	EndGlobalSection
	GlobalSection(ExtensibilityGlobals) = postSolution
		SolutionGuid = {C7C4EF31-D23D-4FAC-BA86-11061AD2A2D7}
	EndGlobalSection
EndGlobal
